
Microsoft Visual Studio Solution File, Format Version 12.00
# Visual Studio Version 17
VisualStudioVersion = 17.11.35219.272
MinimumVisualStudioVersion = 10.0.40219.1
Project("{FAE04EC0-301F-11D3-BF4B-00C04F79EFBC}") = "Homework_NP_6", "Homework_NP_6\Homework_NP_6.csproj", "{808CD9E2-BB2A-4DBC-95D9-0818DC84A77D}"
EndProject
Global
	GlobalSection(SolutionConfigurationPlatforms) = preSolution
		Debug|Any CPU = Debug|Any CPU
		Release|Any CPU = Release|Any CPU
	EndGlobalSection
	GlobalSection(ProjectConfigurationPlatforms) = postSolution
		{808CD9E2-BB2A-4DBC-95D9-0818DC84A77D}.Debug|Any CPU.ActiveCfg = Debug|Any CPU
		{808CD9E2-BB2A-4DBC-95D9-0818DC84A77D}.Debug|Any CPU.Build.0 = Debug|Any CPU
		{808CD9E2-BB2A-4DBC-95D9-0818DC84A77D}.Release|Any CPU.ActiveCfg = Release|Any CPU
		{808CD9E2-BB2A-4DBC-95D9-0818DC84A77D}.Release|Any CPU.Build.0 = Release|Any CPU
	EndGlobalSection
	GlobalSection(SolutionProperties) = preSolution
		HideSolutionNode = FALSE
	EndGlobalSection
	GlobalSection(ExtensibilityGlobals) = postSolution
		SolutionGuid = {CC535673-38D3-429E-891F-3DCB7D13FE13}
	EndGlobalSection
EndGlobal
